
Microsoft Visual Studio Solution File, Format Version 12.00
# Visual Studio Version 17
VisualStudioVersion = 17.0.31903.59
MinimumVisualStudioVersion = 10.0.40219.1
Project("{2150E333-8FDC-42A3-9474-1A3956D46DE8}") = "market-service", "market-service", "{C0DD897D-AE51-25D2-62AF-BE532F2F7BB5}"
EndProject
Project("{2150E333-8FDC-42A3-9474-1A3956D46DE8}") = "src", "src", "{357F746C-B7FA-B3E7-AF2F-DAB6EAD3FC67}"
EndProject
Project("{FAE04EC0-301F-11D3-BF4B-00C04F79EFBC}") = "MarketService", "market-service\src\MarketService\MarketService.csproj", "{41CF00F6-AF4B-4C60-9419-CD2539FEA823}"
EndProject
Project("{FAE04EC0-301F-11D3-BF4B-00C04F79EFBC}") = "MarketService.Domain", "market-service\src\MarketService.Domain\MarketService.Domain.csproj", "{2335BC25-EFD1-4F84-8AE6-7CA1DF8870C4}"
EndProject
Project("{FAE04EC0-301F-11D3-BF4B-00C04F79EFBC}") = "MarketService.Application", "market-service\src\MarketService.Application\MarketService.Application.csproj", "{F4884876-E36E-4B31-AE6C-D59FA1E01D69}"
EndProject
Project("{FAE04EC0-301F-11D3-BF4B-00C04F79EFBC}") = "MarketService.Infrastructure", "market-service\src\MarketService.Infrastructure\MarketService.Infrastructure.csproj", "{8F470A30-2970-4C58-88C2-117A19142FF4}"
EndProject
Project("{2150E333-8FDC-42A3-9474-1A3956D46DE8}") = "trade-service", "trade-service", "{2689F2DD-D8DF-40AC-512C-4F921346A0EA}"
EndProject
Project("{2150E333-8FDC-42A3-9474-1A3956D46DE8}") = "src", "src", "{A51939E6-9ECA-8A57-2545-81FEF5B87BA4}"
EndProject
Project("{FAE04EC0-301F-11D3-BF4B-00C04F79EFBC}") = "TradeService", "trade-service\src\TradeService\TradeService.csproj", "{D7C0A0F5-2347-4B5F-B7CE-40DD682D0846}"
EndProject
Project("{FAE04EC0-301F-11D3-BF4B-00C04F79EFBC}") = "TradeService.Domain", "trade-service\src\TradeService.Domain\TradeService.Domain.csproj", "{0461BF4E-8E22-45DB-817D-6D9ED2B6527B}"
EndProject
Project("{FAE04EC0-301F-11D3-BF4B-00C04F79EFBC}") = "TradeService.Application", "trade-service\src\TradeService.Application\TradeService.Application.csproj", "{3059BD2A-82C6-4B76-A167-A33910D1B70D}"
EndProject
Project("{FAE04EC0-301F-11D3-BF4B-00C04F79EFBC}") = "TradeService.Infrastructure", "trade-service\src\TradeService.Infrastructure\TradeService.Infrastructure.csproj", "{37382B3E-AB45-41EA-A24E-BD7EA3736B19}"
EndProject
Project("{2150E333-8FDC-42A3-9474-1A3956D46DE8}") = "settlement-service", "settlement-service", "{90022A63-54DF-FC2C-58A1-632C4E93E878}"
EndProject
Project("{2150E333-8FDC-42A3-9474-1A3956D46DE8}") = "src", "src", "{54221E3B-7E7E-87A3-2D73-BBA4AF3C2133}"
EndProject
Project("{FAE04EC0-301F-11D3-BF4B-00C04F79EFBC}") = "SettlementService", "settlement-service\src\SettlementService\SettlementService.csproj", "{3985C50B-9820-4250-97F0-40902999B2C6}"
EndProject
Project("{FAE04EC0-301F-11D3-BF4B-00C04F79EFBC}") = "SettlementService.Domain", "settlement-service\src\SettlementService.Domain\SettlementService.Domain.csproj", "{EE8F6CD8-AD23-489A-B236-CD58748B28E5}"
EndProject
Project("{FAE04EC0-301F-11D3-BF4B-00C04F79EFBC}") = "SettlementService.Application", "settlement-service\src\SettlementService.Application\SettlementService.Application.csproj", "{4909666C-6F5B-4B49-8538-C409435DCD01}"
EndProject
Project("{FAE04EC0-301F-11D3-BF4B-00C04F79EFBC}") = "SettlementService.Infrastructure", "settlement-service\src\SettlementService.Infrastructure\SettlementService.Infrastructure.csproj", "{041B697E-DEB7-470D-ABAF-C65E811F6C51}"
EndProject
Project("{FAE04EC0-301F-11D3-BF4B-00C04F79EFBC}") = "Trading.Configuration", "..\..\libs\building-blocks\configuration\src\Trading.Configuration\Trading.Configuration.csproj", "{9E63E31B-19E7-4A7E-866F-B7FDC3695B58}"
EndProject
Project("{FAE04EC0-301F-11D3-BF4B-00C04F79EFBC}") = "Trading.Auth", "..\..\libs\building-blocks\auth\src\Trading.Auth\Trading.Auth.csproj", "{96D05D53-D6E7-4848-8B6C-89BC0B367BB4}"
EndProject
Project("{FAE04EC0-301F-11D3-BF4B-00C04F79EFBC}") = "Trading.Messaging", "..\..\libs\building-blocks\messaging\src\Trading.Messaging\Trading.Messaging.csproj", "{88823C4C-5032-4C23-A323-8D4E44DA8904}"
EndProject
Project("{FAE04EC0-301F-11D3-BF4B-00C04F79EFBC}") = "Trading.Observability", "..\..\libs\building-blocks\observability\src\Trading.Observability\Trading.Observability.csproj", "{3DBE6EF6-C466-4799-BC1F-B4F6CF454604}"
EndProject
Project("{FAE04EC0-301F-11D3-BF4B-00C04F79EFBC}") = "Trading.Contracts.Http", "..\..\libs\contracts\http\src\Trading.Contracts.Http\Trading.Contracts.Http.csproj", "{7102C86A-0948-49F6-AD00-D5D5E7B3C5C6}"
EndProject
Project("{FAE04EC0-301F-11D3-BF4B-00C04F79EFBC}") = "Trading.Contracts.Events", "..\..\libs\contracts\events\src\Trading.Contracts.Events\Trading.Contracts.Events.csproj", "{5DE62CC0-065C-438B-9681-7C551435132D}"
EndProject
Project("{FAE04EC0-301F-11D3-BF4B-00C04F79EFBC}") = "Trading.TestSupport", "..\..\libs\test-support\src\Trading.TestSupport\Trading.TestSupport.csproj", "{3B3B4640-3039-46F9-B175-7464A6364918}"
EndProject
Project("{FAE04EC0-301F-11D3-BF4B-00C04F79EFBC}") = "MarketService.UnitTests", "..\..\tests\unit\market-service\MarketService.UnitTests\MarketService.UnitTests.csproj", "{0F28193B-553F-401B-9F9C-C49484D3039B}"
EndProject
Project("{FAE04EC0-301F-11D3-BF4B-00C04F79EFBC}") = "MarketService.ContractTests", "..\..\tests\contract\market-service\MarketService.ContractTests\MarketService.ContractTests.csproj", "{908B98C8-7B4F-4BD2-820F-773CDB0D09E0}"
EndProject
Project("{FAE04EC0-301F-11D3-BF4B-00C04F79EFBC}") = "TradeService.ContractTests", "..\..\tests\contract\trade-service\TradeService.ContractTests\TradeService.ContractTests.csproj", "{ECE443D6-5DB7-460B-8444-AE2FA5E113FF}"
EndProject
Project("{FAE04EC0-301F-11D3-BF4B-00C04F79EFBC}") = "SettlementService.ContractTests", "..\..\tests\contract\settlement-service\SettlementService.ContractTests\SettlementService.ContractTests.csproj", "{6C277540-D14E-4E6F-8530-C21EBE7C16F5}"
EndProject
Project("{FAE04EC0-301F-11D3-BF4B-00C04F79EFBC}") = "MarketTrade.IntegrationTests", "..\..\tests\integration\market-trade\MarketTrade.IntegrationTests\MarketTrade.IntegrationTests.csproj", "{25239397-A8A8-4414-BE4A-CDFDBE27A013}"
EndProject
Project("{FAE04EC0-301F-11D3-BF4B-00C04F79EFBC}") = "Realtime.IntegrationTests", "..\..\tests\integration\realtime\Realtime.IntegrationTests\Realtime.IntegrationTests.csproj", "{A0E246DE-796C-4A60-9EED-067BA3297495}"
EndProject
Project("{FAE04EC0-301F-11D3-BF4B-00C04F79EFBC}") = "TradeSettlement.IntegrationTests", "..\..\tests\integration\trade-settlement\TradeSettlement.IntegrationTests\TradeSettlement.IntegrationTests.csproj", "{3135F174-442C-4FB7-B947-285265E1F6D9}"
EndProject
Global
	GlobalSection(SolutionConfigurationPlatforms) = preSolution
		Debug|Any CPU = Debug|Any CPU
		Debug|x64 = Debug|x64
		Debug|x86 = Debug|x86
		Release|Any CPU = Release|Any CPU
		Release|x64 = Release|x64
		Release|x86 = Release|x86
	EndGlobalSection
	GlobalSection(ProjectConfigurationPlatforms) = postSolution
		{41CF00F6-AF4B-4C60-9419-CD2539FEA823}.Debug|Any CPU.ActiveCfg = Debug|Any CPU
		{41CF00F6-AF4B-4C60-9419-CD2539FEA823}.Debug|Any CPU.Build.0 = Debug|Any CPU
		{41CF00F6-AF4B-4C60-9419-CD2539FEA823}.Debug|x64.ActiveCfg = Debug|Any CPU
		{41CF00F6-AF4B-4C60-9419-CD2539FEA823}.Debug|x64.Build.0 = Debug|Any CPU
		{41CF00F6-AF4B-4C60-9419-CD2539FEA823}.Debug|x86.ActiveCfg = Debug|Any CPU
		{41CF00F6-AF4B-4C60-9419-CD2539FEA823}.Debug|x86.Build.0 = Debug|Any CPU
		{41CF00F6-AF4B-4C60-9419-CD2539FEA823}.Release|Any CPU.ActiveCfg = Release|Any CPU
		{41CF00F6-AF4B-4C60-9419-CD2539FEA823}.Release|Any CPU.Build.0 = Release|Any CPU
		{41CF00F6-AF4B-4C60-9419-CD2539FEA823}.Release|x64.ActiveCfg = Release|Any CPU
		{41CF00F6-AF4B-4C60-9419-CD2539FEA823}.Release|x64.Build.0 = Release|Any CPU
		{41CF00F6-AF4B-4C60-9419-CD2539FEA823}.Release|x86.ActiveCfg = Release|Any CPU
		{41CF00F6-AF4B-4C60-9419-CD2539FEA823}.Release|x86.Build.0 = Release|Any CPU
		{2335BC25-EFD1-4F84-8AE6-7CA1DF8870C4}.Debug|Any CPU.ActiveCfg = Debug|Any CPU
		{2335BC25-EFD1-4F84-8AE6-7CA1DF8870C4}.Debug|Any CPU.Build.0 = Debug|Any CPU
		{2335BC25-EFD1-4F84-8AE6-7CA1DF8870C4}.Debug|x64.ActiveCfg = Debug|Any CPU
		{2335BC25-EFD1-4F84-8AE6-7CA1DF8870C4}.Debug|x64.Build.0 = Debug|Any CPU
		{2335BC25-EFD1-4F84-8AE6-7CA1DF8870C4}.Debug|x86.ActiveCfg = Debug|Any CPU
		{2335BC25-EFD1-4F84-8AE6-7CA1DF8870C4}.Debug|x86.Build.0 = Debug|Any CPU
		{2335BC25-EFD1-4F84-8AE6-7CA1DF8870C4}.Release|Any CPU.ActiveCfg = Release|Any CPU
		{2335BC25-EFD1-4F84-8AE6-7CA1DF8870C4}.Release|Any CPU.Build.0 = Release|Any CPU
		{2335BC25-EFD1-4F84-8AE6-7CA1DF8870C4}.Release|x64.ActiveCfg = Release|Any CPU
		{2335BC25-EFD1-4F84-8AE6-7CA1DF8870C4}.Release|x64.Build.0 = Release|Any CPU
		{2335BC25-EFD1-4F84-8AE6-7CA1DF8870C4}.Release|x86.ActiveCfg = Release|Any CPU
		{2335BC25-EFD1-4F84-8AE6-7CA1DF8870C4}.Release|x86.Build.0 = Release|Any CPU
		{F4884876-E36E-4B31-AE6C-D59FA1E01D69}.Debug|Any CPU.ActiveCfg = Debug|Any CPU
		{F4884876-E36E-4B31-AE6C-D59FA1E01D69}.Debug|Any CPU.Build.0 = Debug|Any CPU
		{F4884876-E36E-4B31-AE6C-D59FA1E01D69}.Debug|x64.ActiveCfg = Debug|Any CPU
		{F4884876-E36E-4B31-AE6C-D59FA1E01D69}.Debug|x64.Build.0 = Debug|Any CPU
		{F4884876-E36E-4B31-AE6C-D59FA1E01D69}.Debug|x86.ActiveCfg = Debug|Any CPU
		{F4884876-E36E-4B31-AE6C-D59FA1E01D69}.Debug|x86.Build.0 = Debug|Any CPU
		{F4884876-E36E-4B31-AE6C-D59FA1E01D69}.Release|Any CPU.ActiveCfg = Release|Any CPU
		{F4884876-E36E-4B31-AE6C-D59FA1E01D69}.Release|Any CPU.Build.0 = Release|Any CPU
		{F4884876-E36E-4B31-AE6C-D59FA1E01D69}.Release|x64.ActiveCfg = Release|Any CPU
		{F4884876-E36E-4B31-AE6C-D59FA1E01D69}.Release|x64.Build.0 = Release|Any CPU
		{F4884876-E36E-4B31-AE6C-D59FA1E01D69}.Release|x86.ActiveCfg = Release|Any CPU
		{F4884876-E36E-4B31-AE6C-D59FA1E01D69}.Release|x86.Build.0 = Release|Any CPU
		{8F470A30-2970-4C58-88C2-117A19142FF4}.Debug|Any CPU.ActiveCfg = Debug|Any CPU
		{8F470A30-2970-4C58-88C2-117A19142FF4}.Debug|Any CPU.Build.0 = Debug|Any CPU
		{8F470A30-2970-4C58-88C2-117A19142FF4}.Debug|x64.ActiveCfg = Debug|Any CPU
		{8F470A30-2970-4C58-88C2-117A19142FF4}.Debug|x64.Build.0 = Debug|Any CPU
		{8F470A30-2970-4C58-88C2-117A19142FF4}.Debug|x86.ActiveCfg = Debug|Any CPU
		{8F470A30-2970-4C58-88C2-117A19142FF4}.Debug|x86.Build.0 = Debug|Any CPU
		{8F470A30-2970-4C58-88C2-117A19142FF4}.Release|Any CPU.ActiveCfg = Release|Any CPU
		{8F470A30-2970-4C58-88C2-117A19142FF4}.Release|Any CPU.Build.0 = Release|Any CPU
		{8F470A30-2970-4C58-88C2-117A19142FF4}.Release|x64.ActiveCfg = Release|Any CPU
		{8F470A30-2970-4C58-88C2-117A19142FF4}.Release|x64.Build.0 = Release|Any CPU
		{8F470A30-2970-4C58-88C2-117A19142FF4}.Release|x86.ActiveCfg = Release|Any CPU
		{8F470A30-2970-4C58-88C2-117A19142FF4}.Release|x86.Build.0 = Release|Any CPU
		{D7C0A0F5-2347-4B5F-B7CE-40DD682D0846}.Debug|Any CPU.ActiveCfg = Debug|Any CPU
		{D7C0A0F5-2347-4B5F-B7CE-40DD682D0846}.Debug|Any CPU.Build.0 = Debug|Any CPU
		{D7C0A0F5-2347-4B5F-B7CE-40DD682D0846}.Debug|x64.ActiveCfg = Debug|Any CPU
		{D7C0A0F5-2347-4B5F-B7CE-40DD682D0846}.Debug|x64.Build.0 = Debug|Any CPU
		{D7C0A0F5-2347-4B5F-B7CE-40DD682D0846}.Debug|x86.ActiveCfg = Debug|Any CPU
		{D7C0A0F5-2347-4B5F-B7CE-40DD682D0846}.Debug|x86.Build.0 = Debug|Any CPU
		{D7C0A0F5-2347-4B5F-B7CE-40DD682D0846}.Release|Any CPU.ActiveCfg = Release|Any CPU
		{D7C0A0F5-2347-4B5F-B7CE-40DD682D0846}.Release|Any CPU.Build.0 = Release|Any CPU
		{D7C0A0F5-2347-4B5F-B7CE-40DD682D0846}.Release|x64.ActiveCfg = Release|Any CPU
		{D7C0A0F5-2347-4B5F-B7CE-40DD682D0846}.Release|x64.Build.0 = Release|Any CPU
		{D7C0A0F5-2347-4B5F-B7CE-40DD682D0846}.Release|x86.ActiveCfg = Release|Any CPU
		{D7C0A0F5-2347-4B5F-B7CE-40DD682D0846}.Release|x86.Build.0 = Release|Any CPU
		{0461BF4E-8E22-45DB-817D-6D9ED2B6527B}.Debug|Any CPU.ActiveCfg = Debug|Any CPU
		{0461BF4E-8E22-45DB-817D-6D9ED2B6527B}.Debug|Any CPU.Build.0 = Debug|Any CPU
		{0461BF4E-8E22-45DB-817D-6D9ED2B6527B}.Debug|x64.ActiveCfg = Debug|Any CPU
		{0461BF4E-8E22-45DB-817D-6D9ED2B6527B}.Debug|x64.Build.0 = Debug|Any CPU
		{0461BF4E-8E22-45DB-817D-6D9ED2B6527B}.Debug|x86.ActiveCfg = Debug|Any CPU
		{0461BF4E-8E22-45DB-817D-6D9ED2B6527B}.Debug|x86.Build.0 = Debug|Any CPU
		{0461BF4E-8E22-45DB-817D-6D9ED2B6527B}.Release|Any CPU.ActiveCfg = Release|Any CPU
		{0461BF4E-8E22-45DB-817D-6D9ED2B6527B}.Release|Any CPU.Build.0 = Release|Any CPU
		{0461BF4E-8E22-45DB-817D-6D9ED2B6527B}.Release|x64.ActiveCfg = Release|Any CPU
		{0461BF4E-8E22-45DB-817D-6D9ED2B6527B}.Release|x64.Build.0 = Release|Any CPU
		{0461BF4E-8E22-45DB-817D-6D9ED2B6527B}.Release|x86.ActiveCfg = Release|Any CPU
		{0461BF4E-8E22-45DB-817D-6D9ED2B6527B}.Release|x86.Build.0 = Release|Any CPU
		{3059BD2A-82C6-4B76-A167-A33910D1B70D}.Debug|Any CPU.ActiveCfg = Debug|Any CPU
		{3059BD2A-82C6-4B76-A167-A33910D1B70D}.Debug|Any CPU.Build.0 = Debug|Any CPU
		{3059BD2A-82C6-4B76-A167-A33910D1B70D}.Debug|x64.ActiveCfg = Debug|Any CPU
		{3059BD2A-82C6-4B76-A167-A33910D1B70D}.Debug|x64.Build.0 = Debug|Any CPU
		{3059BD2A-82C6-4B76-A167-A33910D1B70D}.Debug|x86.ActiveCfg = Debug|Any CPU
		{3059BD2A-82C6-4B76-A167-A33910D1B70D}.Debug|x86.Build.0 = Debug|Any CPU
		{3059BD2A-82C6-4B76-A167-A33910D1B70D}.Release|Any CPU.ActiveCfg = Release|Any CPU
		{3059BD2A-82C6-4B76-A167-A33910D1B70D}.Release|Any CPU.Build.0 = Release|Any CPU
		{3059BD2A-82C6-4B76-A167-A33910D1B70D}.Release|x64.ActiveCfg = Release|Any CPU
		{3059BD2A-82C6-4B76-A167-A33910D1B70D}.Release|x64.Build.0 = Release|Any CPU
		{3059BD2A-82C6-4B76-A167-A33910D1B70D}.Release|x86.ActiveCfg = Release|Any CPU
		{3059BD2A-82C6-4B76-A167-A33910D1B70D}.Release|x86.Build.0 = Release|Any CPU
		{37382B3E-AB45-41EA-A24E-BD7EA3736B19}.Debug|Any CPU.ActiveCfg = Debug|Any CPU
		{37382B3E-AB45-41EA-A24E-BD7EA3736B19}.Debug|Any CPU.Build.0 = Debug|Any CPU
		{37382B3E-AB45-41EA-A24E-BD7EA3736B19}.Debug|x64.ActiveCfg = Debug|Any CPU
		{37382B3E-AB45-41EA-A24E-BD7EA3736B19}.Debug|x64.Build.0 = Debug|Any CPU
		{37382B3E-AB45-41EA-A24E-BD7EA3736B19}.Debug|x86.ActiveCfg = Debug|Any CPU
		{37382B3E-AB45-41EA-A24E-BD7EA3736B19}.Debug|x86.Build.0 = Debug|Any CPU
		{37382B3E-AB45-41EA-A24E-BD7EA3736B19}.Release|Any CPU.ActiveCfg = Release|Any CPU
		{37382B3E-AB45-41EA-A24E-BD7EA3736B19}.Release|Any CPU.Build.0 = Release|Any CPU
		{37382B3E-AB45-41EA-A24E-BD7EA3736B19}.Release|x64.ActiveCfg = Release|Any CPU
		{37382B3E-AB45-41EA-A24E-BD7EA3736B19}.Release|x64.Build.0 = Release|Any CPU
		{37382B3E-AB45-41EA-A24E-BD7EA3736B19}.Release|x86.ActiveCfg = Release|Any CPU
		{37382B3E-AB45-41EA-A24E-BD7EA3736B19}.Release|x86.Build.0 = Release|Any CPU
		{3985C50B-9820-4250-97F0-40902999B2C6}.Debug|Any CPU.ActiveCfg = Debug|Any CPU
		{3985C50B-9820-4250-97F0-40902999B2C6}.Debug|Any CPU.Build.0 = Debug|Any CPU
		{3985C50B-9820-4250-97F0-40902999B2C6}.Debug|x64.ActiveCfg = Debug|Any CPU
		{3985C50B-9820-4250-97F0-40902999B2C6}.Debug|x64.Build.0 = Debug|Any CPU
		{3985C50B-9820-4250-97F0-40902999B2C6}.Debug|x86.ActiveCfg = Debug|Any CPU
		{3985C50B-9820-4250-97F0-40902999B2C6}.Debug|x86.Build.0 = Debug|Any CPU
		{3985C50B-9820-4250-97F0-40902999B2C6}.Release|Any CPU.ActiveCfg = Release|Any CPU
		{3985C50B-9820-4250-97F0-40902999B2C6}.Release|Any CPU.Build.0 = Release|Any CPU
		{3985C50B-9820-4250-97F0-40902999B2C6}.Release|x64.ActiveCfg = Release|Any CPU
		{3985C50B-9820-4250-97F0-40902999B2C6}.Release|x64.Build.0 = Release|Any CPU
		{3985C50B-9820-4250-97F0-40902999B2C6}.Release|x86.ActiveCfg = Release|Any CPU
		{3985C50B-9820-4250-97F0-40902999B2C6}.Release|x86.Build.0 = Release|Any CPU
		{EE8F6CD8-AD23-489A-B236-CD58748B28E5}.Debug|Any CPU.ActiveCfg = Debug|Any CPU
		{EE8F6CD8-AD23-489A-B236-CD58748B28E5}.Debug|Any CPU.Build.0 = Debug|Any CPU
		{EE8F6CD8-AD23-489A-B236-CD58748B28E5}.Debug|x64.ActiveCfg = Debug|Any CPU
		{EE8F6CD8-AD23-489A-B236-CD58748B28E5}.Debug|x64.Build.0 = Debug|Any CPU
		{EE8F6CD8-AD23-489A-B236-CD58748B28E5}.Debug|x86.ActiveCfg = Debug|Any CPU
		{EE8F6CD8-AD23-489A-B236-CD58748B28E5}.Debug|x86.Build.0 = Debug|Any CPU
		{EE8F6CD8-AD23-489A-B236-CD58748B28E5}.Release|Any CPU.ActiveCfg = Release|Any CPU
		{EE8F6CD8-AD23-489A-B236-CD58748B28E5}.Release|Any CPU.Build.0 = Release|Any CPU
		{EE8F6CD8-AD23-489A-B236-CD58748B28E5}.Release|x64.ActiveCfg = Release|Any CPU
		{EE8F6CD8-AD23-489A-B236-CD58748B28E5}.Release|x64.Build.0 = Release|Any CPU
		{EE8F6CD8-AD23-489A-B236-CD58748B28E5}.Release|x86.ActiveCfg = Release|Any CPU
		{EE8F6CD8-AD23-489A-B236-CD58748B28E5}.Release|x86.Build.0 = Release|Any CPU
		{4909666C-6F5B-4B49-8538-C409435DCD01}.Debug|Any CPU.ActiveCfg = Debug|Any CPU
		{4909666C-6F5B-4B49-8538-C409435DCD01}.Debug|Any CPU.Build.0 = Debug|Any CPU
		{4909666C-6F5B-4B49-8538-C409435DCD01}.Debug|x64.ActiveCfg = Debug|Any CPU
		{4909666C-6F5B-4B49-8538-C409435DCD01}.Debug|x64.Build.0 = Debug|Any CPU
		{4909666C-6F5B-4B49-8538-C409435DCD01}.Debug|x86.ActiveCfg = Debug|Any CPU
		{4909666C-6F5B-4B49-8538-C409435DCD01}.Debug|x86.Build.0 = Debug|Any CPU
		{4909666C-6F5B-4B49-8538-C409435DCD01}.Release|Any CPU.ActiveCfg = Release|Any CPU
		{4909666C-6F5B-4B49-8538-C409435DCD01}.Release|Any CPU.Build.0 = Release|Any CPU
		{4909666C-6F5B-4B49-8538-C409435DCD01}.Release|x64.ActiveCfg = Release|Any CPU
		{4909666C-6F5B-4B49-8538-C409435DCD01}.Release|x64.Build.0 = Release|Any CPU
		{4909666C-6F5B-4B49-8538-C409435DCD01}.Release|x86.ActiveCfg = Release|Any CPU
		{4909666C-6F5B-4B49-8538-C409435DCD01}.Release|x86.Build.0 = Release|Any CPU
		{041B697E-DEB7-470D-ABAF-C65E811F6C51}.Debug|Any CPU.ActiveCfg = Debug|Any CPU
		{041B697E-DEB7-470D-ABAF-C65E811F6C51}.Debug|Any CPU.Build.0 = Debug|Any CPU
		{041B697E-DEB7-470D-ABAF-C65E811F6C51}.Debug|x64.ActiveCfg = Debug|Any CPU
		{041B697E-DEB7-470D-ABAF-C65E811F6C51}.Debug|x64.Build.0 = Debug|Any CPU
		{041B697E-DEB7-470D-ABAF-C65E811F6C51}.Debug|x86.ActiveCfg = Debug|Any CPU
		{041B697E-DEB7-470D-ABAF-C65E811F6C51}.Debug|x86.Build.0 = Debug|Any CPU
		{041B697E-DEB7-470D-ABAF-C65E811F6C51}.Release|Any CPU.ActiveCfg = Release|Any CPU
		{041B697E-DEB7-470D-ABAF-C65E811F6C51}.Release|Any CPU.Build.0 = Release|Any CPU
		{041B697E-DEB7-470D-ABAF-C65E811F6C51}.Release|x64.ActiveCfg = Release|Any CPU
		{041B697E-DEB7-470D-ABAF-C65E811F6C51}.Release|x64.Build.0 = Release|Any CPU
		{041B697E-DEB7-470D-ABAF-C65E811F6C51}.Release|x86.ActiveCfg = Release|Any CPU
		{041B697E-DEB7-470D-ABAF-C65E811F6C51}.Release|x86.Build.0 = Release|Any CPU
		{9E63E31B-19E7-4A7E-866F-B7FDC3695B58}.Debug|Any CPU.ActiveCfg = Debug|Any CPU
		{9E63E31B-19E7-4A7E-866F-B7FDC3695B58}.Debug|Any CPU.Build.0 = Debug|Any CPU
		{9E63E31B-19E7-4A7E-866F-B7FDC3695B58}.Debug|x64.ActiveCfg = Debug|Any CPU
		{9E63E31B-19E7-4A7E-866F-B7FDC3695B58}.Debug|x64.Build.0 = Debug|Any CPU
		{9E63E31B-19E7-4A7E-866F-B7FDC3695B58}.Debug|x86.ActiveCfg = Debug|Any CPU
		{9E63E31B-19E7-4A7E-866F-B7FDC3695B58}.Debug|x86.Build.0 = Debug|Any CPU
		{9E63E31B-19E7-4A7E-866F-B7FDC3695B58}.Release|Any CPU.ActiveCfg = Release|Any CPU
		{9E63E31B-19E7-4A7E-866F-B7FDC3695B58}.Release|Any CPU.Build.0 = Release|Any CPU
		{9E63E31B-19E7-4A7E-866F-B7FDC3695B58}.Release|x64.ActiveCfg = Release|Any CPU
		{9E63E31B-19E7-4A7E-866F-B7FDC3695B58}.Release|x64.Build.0 = Release|Any CPU
		{9E63E31B-19E7-4A7E-866F-B7FDC3695B58}.Release|x86.ActiveCfg = Release|Any CPU
		{9E63E31B-19E7-4A7E-866F-B7FDC3695B58}.Release|x86.Build.0 = Release|Any CPU
		{96D05D53-D6E7-4848-8B6C-89BC0B367BB4}.Debug|Any CPU.ActiveCfg = Debug|Any CPU
		{96D05D53-D6E7-4848-8B6C-89BC0B367BB4}.Debug|Any CPU.Build.0 = Debug|Any CPU
		{96D05D53-D6E7-4848-8B6C-89BC0B367BB4}.Debug|x64.ActiveCfg = Debug|Any CPU
		{96D05D53-D6E7-4848-8B6C-89BC0B367BB4}.Debug|x64.Build.0 = Debug|Any CPU
		{96D05D53-D6E7-4848-8B6C-89BC0B367BB4}.Debug|x86.ActiveCfg = Debug|Any CPU
		{96D05D53-D6E7-4848-8B6C-89BC0B367BB4}.Debug|x86.Build.0 = Debug|Any CPU
		{96D05D53-D6E7-4848-8B6C-89BC0B367BB4}.Release|Any CPU.ActiveCfg = Release|Any CPU
		{96D05D53-D6E7-4848-8B6C-89BC0B367BB4}.Release|Any CPU.Build.0 = Release|Any CPU
		{96D05D53-D6E7-4848-8B6C-89BC0B367BB4}.Release|x64.ActiveCfg = Release|Any CPU
		{96D05D53-D6E7-4848-8B6C-89BC0B367BB4}.Release|x64.Build.0 = Release|Any CPU
		{96D05D53-D6E7-4848-8B6C-89BC0B367BB4}.Release|x86.ActiveCfg = Release|Any CPU
		{96D05D53-D6E7-4848-8B6C-89BC0B367BB4}.Release|x86.Build.0 = Release|Any CPU
		{88823C4C-5032-4C23-A323-8D4E44DA8904}.Debug|Any CPU.ActiveCfg = Debug|Any CPU
		{88823C4C-5032-4C23-A323-8D4E44DA8904}.Debug|Any CPU.Build.0 = Debug|Any CPU
		{88823C4C-5032-4C23-A323-8D4E44DA8904}.Debug|x64.ActiveCfg = Debug|Any CPU
		{88823C4C-5032-4C23-A323-8D4E44DA8904}.Debug|x64.Build.0 = Debug|Any CPU
		{88823C4C-5032-4C23-A323-8D4E44DA8904}.Debug|x86.ActiveCfg = Debug|Any CPU
		{88823C4C-5032-4C23-A323-8D4E44DA8904}.Debug|x86.Build.0 = Debug|Any CPU
		{88823C4C-5032-4C23-A323-8D4E44DA8904}.Release|Any CPU.ActiveCfg = Release|Any CPU
		{88823C4C-5032-4C23-A323-8D4E44DA8904}.Release|Any CPU.Build.0 = Release|Any CPU
		{88823C4C-5032-4C23-A323-8D4E44DA8904}.Release|x64.ActiveCfg = Release|Any CPU
		{88823C4C-5032-4C23-A323-8D4E44DA8904}.Release|x64.Build.0 = Release|Any CPU
		{88823C4C-5032-4C23-A323-8D4E44DA8904}.Release|x86.ActiveCfg = Release|Any CPU
		{88823C4C-5032-4C23-A323-8D4E44DA8904}.Release|x86.Build.0 = Release|Any CPU
		{3DBE6EF6-C466-4799-BC1F-B4F6CF454604}.Debug|Any CPU.ActiveCfg = Debug|Any CPU
		{3DBE6EF6-C466-4799-BC1F-B4F6CF454604}.Debug|Any CPU.Build.0 = Debug|Any CPU
		{3DBE6EF6-C466-4799-BC1F-B4F6CF454604}.Debug|x64.ActiveCfg = Debug|Any CPU
		{3DBE6EF6-C466-4799-BC1F-B4F6CF454604}.Debug|x64.Build.0 = Debug|Any CPU
		{3DBE6EF6-C466-4799-BC1F-B4F6CF454604}.Debug|x86.ActiveCfg = Debug|Any CPU
		{3DBE6EF6-C466-4799-BC1F-B4F6CF454604}.Debug|x86.Build.0 = Debug|Any CPU
		{3DBE6EF6-C466-4799-BC1F-B4F6CF454604}.Release|Any CPU.ActiveCfg = Release|Any CPU
		{3DBE6EF6-C466-4799-BC1F-B4F6CF454604}.Release|Any CPU.Build.0 = Release|Any CPU
		{3DBE6EF6-C466-4799-BC1F-B4F6CF454604}.Release|x64.ActiveCfg = Release|Any CPU
		{3DBE6EF6-C466-4799-BC1F-B4F6CF454604}.Release|x64.Build.0 = Release|Any CPU
		{3DBE6EF6-C466-4799-BC1F-B4F6CF454604}.Release|x86.ActiveCfg = Release|Any CPU
		{3DBE6EF6-C466-4799-BC1F-B4F6CF454604}.Release|x86.Build.0 = Release|Any CPU
		{7102C86A-0948-49F6-AD00-D5D5E7B3C5C6}.Debug|Any CPU.ActiveCfg = Debug|Any CPU
		{7102C86A-0948-49F6-AD00-D5D5E7B3C5C6}.Debug|Any CPU.Build.0 = Debug|Any CPU
		{7102C86A-0948-49F6-AD00-D5D5E7B3C5C6}.Debug|x64.ActiveCfg = Debug|Any CPU
		{7102C86A-0948-49F6-AD00-D5D5E7B3C5C6}.Debug|x64.Build.0 = Debug|Any CPU
		{7102C86A-0948-49F6-AD00-D5D5E7B3C5C6}.Debug|x86.ActiveCfg = Debug|Any CPU
		{7102C86A-0948-49F6-AD00-D5D5E7B3C5C6}.Debug|x86.Build.0 = Debug|Any CPU
		{7102C86A-0948-49F6-AD00-D5D5E7B3C5C6}.Release|Any CPU.ActiveCfg = Release|Any CPU
		{7102C86A-0948-49F6-AD00-D5D5E7B3C5C6}.Release|Any CPU.Build.0 = Release|Any CPU
		{7102C86A-0948-49F6-AD00-D5D5E7B3C5C6}.Release|x64.ActiveCfg = Release|Any CPU
		{7102C86A-0948-49F6-AD00-D5D5E7B3C5C6}.Release|x64.Build.0 = Release|Any CPU
		{7102C86A-0948-49F6-AD00-D5D5E7B3C5C6}.Release|x86.ActiveCfg = Release|Any CPU
		{7102C86A-0948-49F6-AD00-D5D5E7B3C5C6}.Release|x86.Build.0 = Release|Any CPU
		{5DE62CC0-065C-438B-9681-7C551435132D}.Debug|Any CPU.ActiveCfg = Debug|Any CPU
		{5DE62CC0-065C-438B-9681-7C551435132D}.Debug|Any CPU.Build.0 = Debug|Any CPU
		{5DE62CC0-065C-438B-9681-7C551435132D}.Debug|x64.ActiveCfg = Debug|Any CPU
		{5DE62CC0-065C-438B-9681-7C551435132D}.Debug|x64.Build.0 = Debug|Any CPU
		{5DE62CC0-065C-438B-9681-7C551435132D}.Debug|x86.ActiveCfg = Debug|Any CPU
		{5DE62CC0-065C-438B-9681-7C551435132D}.Debug|x86.Build.0 = Debug|Any CPU
		{5DE62CC0-065C-438B-9681-7C551435132D}.Release|Any CPU.ActiveCfg = Release|Any CPU
		{5DE62CC0-065C-438B-9681-7C551435132D}.Release|Any CPU.Build.0 = Release|Any CPU
		{5DE62CC0-065C-438B-9681-7C551435132D}.Release|x64.ActiveCfg = Release|Any CPU
		{5DE62CC0-065C-438B-9681-7C551435132D}.Release|x64.Build.0 = Release|Any CPU
		{5DE62CC0-065C-438B-9681-7C551435132D}.Release|x86.ActiveCfg = Release|Any CPU
		{5DE62CC0-065C-438B-9681-7C551435132D}.Release|x86.Build.0 = Release|Any CPU
		{3B3B4640-3039-46F9-B175-7464A6364918}.Debug|Any CPU.ActiveCfg = Debug|Any CPU
		{3B3B4640-3039-46F9-B175-7464A6364918}.Debug|Any CPU.Build.0 = Debug|Any CPU
		{3B3B4640-3039-46F9-B175-7464A6364918}.Debug|x64.ActiveCfg = Debug|Any CPU
		{3B3B4640-3039-46F9-B175-7464A6364918}.Debug|x64.Build.0 = Debug|Any CPU
		{3B3B4640-3039-46F9-B175-7464A6364918}.Debug|x86.ActiveCfg = Debug|Any CPU
		{3B3B4640-3039-46F9-B175-7464A6364918}.Debug|x86.Build.0 = Debug|Any CPU
		{3B3B4640-3039-46F9-B175-7464A6364918}.Release|Any CPU.ActiveCfg = Release|Any CPU
		{3B3B4640-3039-46F9-B175-7464A6364918}.Release|Any CPU.Build.0 = Release|Any CPU
		{3B3B4640-3039-46F9-B175-7464A6364918}.Release|x64.ActiveCfg = Release|Any CPU
		{3B3B4640-3039-46F9-B175-7464A6364918}.Release|x64.Build.0 = Release|Any CPU
		{3B3B4640-3039-46F9-B175-7464A6364918}.Release|x86.ActiveCfg = Release|Any CPU
		{3B3B4640-3039-46F9-B175-7464A6364918}.Release|x86.Build.0 = Release|Any CPU
		{0F28193B-553F-401B-9F9C-C49484D3039B}.Debug|Any CPU.ActiveCfg = Debug|Any CPU
		{0F28193B-553F-401B-9F9C-C49484D3039B}.Debug|Any CPU.Build.0 = Debug|Any CPU
		{0F28193B-553F-401B-9F9C-C49484D3039B}.Debug|x64.ActiveCfg = Debug|Any CPU
		{0F28193B-553F-401B-9F9C-C49484D3039B}.Debug|x64.Build.0 = Debug|Any CPU
		{0F28193B-553F-401B-9F9C-C49484D3039B}.Debug|x86.ActiveCfg = Debug|Any CPU
		{0F28193B-553F-401B-9F9C-C49484D3039B}.Debug|x86.Build.0 = Debug|Any CPU
		{0F28193B-553F-401B-9F9C-C49484D3039B}.Release|Any CPU.ActiveCfg = Release|Any CPU
		{0F28193B-553F-401B-9F9C-C49484D3039B}.Release|Any CPU.Build.0 = Release|Any CPU
		{0F28193B-553F-401B-9F9C-C49484D3039B}.Release|x64.ActiveCfg = Release|Any CPU
		{0F28193B-553F-401B-9F9C-C49484D3039B}.Release|x64.Build.0 = Release|Any CPU
		{0F28193B-553F-401B-9F9C-C49484D3039B}.Release|x86.ActiveCfg = Release|Any CPU
		{0F28193B-553F-401B-9F9C-C49484D3039B}.Release|x86.Build.0 = Release|Any CPU
		{908B98C8-7B4F-4BD2-820F-773CDB0D09E0}.Debug|Any CPU.ActiveCfg = Debug|Any CPU
		{908B98C8-7B4F-4BD2-820F-773CDB0D09E0}.Debug|Any CPU.Build.0 = Debug|Any CPU
		{908B98C8-7B4F-4BD2-820F-773CDB0D09E0}.Debug|x64.ActiveCfg = Debug|Any CPU
		{908B98C8-7B4F-4BD2-820F-773CDB0D09E0}.Debug|x64.Build.0 = Debug|Any CPU
		{908B98C8-7B4F-4BD2-820F-773CDB0D09E0}.Debug|x86.ActiveCfg = Debug|Any CPU
		{908B98C8-7B4F-4BD2-820F-773CDB0D09E0}.Debug|x86.Build.0 = Debug|Any CPU
		{908B98C8-7B4F-4BD2-820F-773CDB0D09E0}.Release|Any CPU.ActiveCfg = Release|Any CPU
		{908B98C8-7B4F-4BD2-820F-773CDB0D09E0}.Release|Any CPU.Build.0 = Release|Any CPU
		{908B98C8-7B4F-4BD2-820F-773CDB0D09E0}.Release|x64.ActiveCfg = Release|Any CPU
		{908B98C8-7B4F-4BD2-820F-773CDB0D09E0}.Release|x64.Build.0 = Release|Any CPU
		{908B98C8-7B4F-4BD2-820F-773CDB0D09E0}.Release|x86.ActiveCfg = Release|Any CPU
		{908B98C8-7B4F-4BD2-820F-773CDB0D09E0}.Release|x86.Build.0 = Release|Any CPU
		{ECE443D6-5DB7-460B-8444-AE2FA5E113FF}.Debug|Any CPU.ActiveCfg = Debug|Any CPU
		{ECE443D6-5DB7-460B-8444-AE2FA5E113FF}.Debug|Any CPU.Build.0 = Debug|Any CPU
		{ECE443D6-5DB7-460B-8444-AE2FA5E113FF}.Debug|x64.ActiveCfg = Debug|Any CPU
		{ECE443D6-5DB7-460B-8444-AE2FA5E113FF}.Debug|x64.Build.0 = Debug|Any CPU
		{ECE443D6-5DB7-460B-8444-AE2FA5E113FF}.Debug|x86.ActiveCfg = Debug|Any CPU
		{ECE443D6-5DB7-460B-8444-AE2FA5E113FF}.Debug|x86.Build.0 = Debug|Any CPU
		{ECE443D6-5DB7-460B-8444-AE2FA5E113FF}.Release|Any CPU.ActiveCfg = Release|Any CPU
		{ECE443D6-5DB7-460B-8444-AE2FA5E113FF}.Release|Any CPU.Build.0 = Release|Any CPU
		{ECE443D6-5DB7-460B-8444-AE2FA5E113FF}.Release|x64.ActiveCfg = Release|Any CPU
		{ECE443D6-5DB7-460B-8444-AE2FA5E113FF}.Release|x64.Build.0 = Release|Any CPU
		{ECE443D6-5DB7-460B-8444-AE2FA5E113FF}.Release|x86.ActiveCfg = Release|Any CPU
		{ECE443D6-5DB7-460B-8444-AE2FA5E113FF}.Release|x86.Build.0 = Release|Any CPU
		{6C277540-D14E-4E6F-8530-C21EBE7C16F5}.Debug|Any CPU.ActiveCfg = Debug|Any CPU
		{6C277540-D14E-4E6F-8530-C21EBE7C16F5}.Debug|Any CPU.Build.0 = Debug|Any CPU
		{6C277540-D14E-4E6F-8530-C21EBE7C16F5}.Debug|x64.ActiveCfg = Debug|Any CPU
		{6C277540-D14E-4E6F-8530-C21EBE7C16F5}.Debug|x64.Build.0 = Debug|Any CPU
		{6C277540-D14E-4E6F-8530-C21EBE7C16F5}.Debug|x86.ActiveCfg = Debug|Any CPU
		{6C277540-D14E-4E6F-8530-C21EBE7C16F5}.Debug|x86.Build.0 = Debug|Any CPU
		{6C277540-D14E-4E6F-8530-C21EBE7C16F5}.Release|Any CPU.ActiveCfg = Release|Any CPU
		{6C277540-D14E-4E6F-8530-C21EBE7C16F5}.Release|Any CPU.Build.0 = Release|Any CPU
		{6C277540-D14E-4E6F-8530-C21EBE7C16F5}.Release|x64.ActiveCfg = Release|Any CPU
		{6C277540-D14E-4E6F-8530-C21EBE7C16F5}.Release|x64.Build.0 = Release|Any CPU
		{6C277540-D14E-4E6F-8530-C21EBE7C16F5}.Release|x86.ActiveCfg = Release|Any CPU
		{6C277540-D14E-4E6F-8530-C21EBE7C16F5}.Release|x86.Build.0 = Release|Any CPU
		{25239397-A8A8-4414-BE4A-CDFDBE27A013}.Debug|Any CPU.ActiveCfg = Debug|Any CPU
		{25239397-A8A8-4414-BE4A-CDFDBE27A013}.Debug|Any CPU.Build.0 = Debug|Any CPU
		{25239397-A8A8-4414-BE4A-CDFDBE27A013}.Debug|x64.ActiveCfg = Debug|Any CPU
		{25239397-A8A8-4414-BE4A-CDFDBE27A013}.Debug|x64.Build.0 = Debug|Any CPU
		{25239397-A8A8-4414-BE4A-CDFDBE27A013}.Debug|x86.ActiveCfg = Debug|Any CPU
		{25239397-A8A8-4414-BE4A-CDFDBE27A013}.Debug|x86.Build.0 = Debug|Any CPU
		{25239397-A8A8-4414-BE4A-CDFDBE27A013}.Release|Any CPU.ActiveCfg = Release|Any CPU
		{25239397-A8A8-4414-BE4A-CDFDBE27A013}.Release|Any CPU.Build.0 = Release|Any CPU
		{25239397-A8A8-4414-BE4A-CDFDBE27A013}.Release|x64.ActiveCfg = Release|Any CPU
		{25239397-A8A8-4414-BE4A-CDFDBE27A013}.Release|x64.Build.0 = Release|Any CPU
		{25239397-A8A8-4414-BE4A-CDFDBE27A013}.Release|x86.ActiveCfg = Release|Any CPU
		{25239397-A8A8-4414-BE4A-CDFDBE27A013}.Release|x86.Build.0 = Release|Any CPU
		{A0E246DE-796C-4A60-9EED-067BA3297495}.Debug|Any CPU.ActiveCfg = Debug|Any CPU
		{A0E246DE-796C-4A60-9EED-067BA3297495}.Debug|Any CPU.Build.0 = Debug|Any CPU
		{A0E246DE-796C-4A60-9EED-067BA3297495}.Debug|x64.ActiveCfg = Debug|Any CPU
		{A0E246DE-796C-4A60-9EED-067BA3297495}.Debug|x64.Build.0 = Debug|Any CPU
		{A0E246DE-796C-4A60-9EED-067BA3297495}.Debug|x86.ActiveCfg = Debug|Any CPU
		{A0E246DE-796C-4A60-9EED-067BA3297495}.Debug|x86.Build.0 = Debug|Any CPU
		{A0E246DE-796C-4A60-9EED-067BA3297495}.Release|Any CPU.ActiveCfg = Release|Any CPU
		{A0E246DE-796C-4A60-9EED-067BA3297495}.Release|Any CPU.Build.0 = Release|Any CPU
		{A0E246DE-796C-4A60-9EED-067BA3297495}.Release|x64.ActiveCfg = Release|Any CPU
		{A0E246DE-796C-4A60-9EED-067BA3297495}.Release|x64.Build.0 = Release|Any CPU
		{A0E246DE-796C-4A60-9EED-067BA3297495}.Release|x86.ActiveCfg = Release|Any CPU
		{A0E246DE-796C-4A60-9EED-067BA3297495}.Release|x86.Build.0 = Release|Any CPU
		{3135F174-442C-4FB7-B947-285265E1F6D9}.Debug|Any CPU.ActiveCfg = Debug|Any CPU
		{3135F174-442C-4FB7-B947-285265E1F6D9}.Debug|Any CPU.Build.0 = Debug|Any CPU
		{3135F174-442C-4FB7-B947-285265E1F6D9}.Debug|x64.ActiveCfg = Debug|Any CPU
		{3135F174-442C-4FB7-B947-285265E1F6D9}.Debug|x64.Build.0 = Debug|Any CPU
		{3135F174-442C-4FB7-B947-285265E1F6D9}.Debug|x86.ActiveCfg = Debug|Any CPU
		{3135F174-442C-4FB7-B947-285265E1F6D9}.Debug|x86.Build.0 = Debug|Any CPU
		{3135F174-442C-4FB7-B947-285265E1F6D9}.Release|Any CPU.ActiveCfg = Release|Any CPU
		{3135F174-442C-4FB7-B947-285265E1F6D9}.Release|Any CPU.Build.0 = Release|Any CPU
		{3135F174-442C-4FB7-B947-285265E1F6D9}.Release|x64.ActiveCfg = Release|Any CPU
		{3135F174-442C-4FB7-B947-285265E1F6D9}.Release|x64.Build.0 = Release|Any CPU
		{3135F174-442C-4FB7-B947-285265E1F6D9}.Release|x86.ActiveCfg = Release|Any CPU
		{3135F174-442C-4FB7-B947-285265E1F6D9}.Release|x86.Build.0 = Release|Any CPU
	EndGlobalSection
	GlobalSection(SolutionProperties) = preSolution
		HideSolutionNode = FALSE
	EndGlobalSection
	GlobalSection(NestedProjects) = preSolution
		{357F746C-B7FA-B3E7-AF2F-DAB6EAD3FC67} = {C0DD897D-AE51-25D2-62AF-BE532F2F7BB5}
		{41CF00F6-AF4B-4C60-9419-CD2539FEA823} = {357F746C-B7FA-B3E7-AF2F-DAB6EAD3FC67}
		{2335BC25-EFD1-4F84-8AE6-7CA1DF8870C4} = {357F746C-B7FA-B3E7-AF2F-DAB6EAD3FC67}
		{F4884876-E36E-4B31-AE6C-D59FA1E01D69} = {357F746C-B7FA-B3E7-AF2F-DAB6EAD3FC67}
		{8F470A30-2970-4C58-88C2-117A19142FF4} = {357F746C-B7FA-B3E7-AF2F-DAB6EAD3FC67}
		{A51939E6-9ECA-8A57-2545-81FEF5B87BA4} = {2689F2DD-D8DF-40AC-512C-4F921346A0EA}
		{D7C0A0F5-2347-4B5F-B7CE-40DD682D0846} = {A51939E6-9ECA-8A57-2545-81FEF5B87BA4}
		{0461BF4E-8E22-45DB-817D-6D9ED2B6527B} = {A51939E6-9ECA-8A57-2545-81FEF5B87BA4}
		{3059BD2A-82C6-4B76-A167-A33910D1B70D} = {A51939E6-9ECA-8A57-2545-81FEF5B87BA4}
		{37382B3E-AB45-41EA-A24E-BD7EA3736B19} = {A51939E6-9ECA-8A57-2545-81FEF5B87BA4}
		{54221E3B-7E7E-87A3-2D73-BBA4AF3C2133} = {90022A63-54DF-FC2C-58A1-632C4E93E878}
		{3985C50B-9820-4250-97F0-40902999B2C6} = {54221E3B-7E7E-87A3-2D73-BBA4AF3C2133}
		{EE8F6CD8-AD23-489A-B236-CD58748B28E5} = {54221E3B-7E7E-87A3-2D73-BBA4AF3C2133}
		{4909666C-6F5B-4B49-8538-C409435DCD01} = {54221E3B-7E7E-87A3-2D73-BBA4AF3C2133}
		{041B697E-DEB7-470D-ABAF-C65E811F6C51} = {54221E3B-7E7E-87A3-2D73-BBA4AF3C2133}
	EndGlobalSection
EndGlobal
